
Microsoft Visual Studio Solution File, Format Version 12.00
# Visual Studio Version 17
VisualStudioVersion = 17.8.34408.163
MinimumVisualStudioVersion = 10.0.40219.1
Project("{FAE04EC0-301F-11D3-BF4B-00C04F79EFBC}") = "Experian_ChangeCalcService", "Experian_ChangeCalcService\Experian_ChangeCalcService.csproj", "{BEB92C37-2B75-451F-BB93-21F575E844C3}"
EndProject
Project("{FAE04EC0-301F-11D3-BF4B-00C04F79EFBC}") = "Experian_CalServiceTest", "Experian_CalServiceTest\Experian_CalServiceTest.csproj", "{83F406CF-DDDD-47A3-86A3-234A366859B0}"
EndProject
Global
	GlobalSection(SolutionConfigurationPlatforms) = preSolution
		Debug|Any CPU = Debug|Any CPU
		Release|Any CPU = Release|Any CPU
	EndGlobalSection
	GlobalSection(ProjectConfigurationPlatforms) = postSolution
		{BEB92C37-2B75-451F-BB93-21F575E844C3}.Debug|Any CPU.ActiveCfg = Debug|Any CPU
		{BEB92C37-2B75-451F-BB93-21F575E844C3}.Debug|Any CPU.Build.0 = Debug|Any CPU
		{BEB92C37-2B75-451F-BB93-21F575E844C3}.Release|Any CPU.ActiveCfg = Release|Any CPU
		{BEB92C37-2B75-451F-BB93-21F575E844C3}.Release|Any CPU.Build.0 = Release|Any CPU
		{83F406CF-DDDD-47A3-86A3-234A366859B0}.Debug|Any CPU.ActiveCfg = Debug|Any CPU
		{83F406CF-DDDD-47A3-86A3-234A366859B0}.Debug|Any CPU.Build.0 = Debug|Any CPU
		{83F406CF-DDDD-47A3-86A3-234A366859B0}.Release|Any CPU.ActiveCfg = Release|Any CPU
		{83F406CF-DDDD-47A3-86A3-234A366859B0}.Release|Any CPU.Build.0 = Release|Any CPU
	EndGlobalSection
	GlobalSection(SolutionProperties) = preSolution
		HideSolutionNode = FALSE
	EndGlobalSection
	GlobalSection(ExtensibilityGlobals) = postSolution
		SolutionGuid = {2B6689C2-A57C-4A3F-827B-3727C9DC86B0}
	EndGlobalSection
EndGlobal
